
Microsoft Visual Studio Solution File, Format Version 12.00
# Visual Studio Version 17
VisualStudioVersion = 17.4.33213.308
MinimumVisualStudioVersion = 10.0.40219.1
Project("{FAE04EC0-301F-11D3-BF4B-00C04F79EFBC}") = "ClothingStore", "ClothingStore.csproj", "{EEF17CE7-6D4F-47ED-850E-3660194D2A3C}"
EndProject
Global
	GlobalSection(SolutionConfigurationPlatforms) = preSolution
		Debug|Any CPU = Debug|Any CPU
		Release|Any CPU = Release|Any CPU
	EndGlobalSection
	GlobalSection(ProjectConfigurationPlatforms) = postSolution
		{EEF17CE7-6D4F-47ED-850E-3660194D2A3C}.Debug|Any CPU.ActiveCfg = Debug|Any CPU
		{EEF17CE7-6D4F-47ED-850E-3660194D2A3C}.Debug|Any CPU.Build.0 = Debug|Any CPU
		{EEF17CE7-6D4F-47ED-850E-3660194D2A3C}.Release|Any CPU.ActiveCfg = Release|Any CPU
		{EEF17CE7-6D4F-47ED-850E-3660194D2A3C}.Release|Any CPU.Build.0 = Release|Any CPU
	EndGlobalSection
	GlobalSection(SolutionProperties) = preSolution
		HideSolutionNode = FALSE
	EndGlobalSection
	GlobalSection(ExtensibilityGlobals) = postSolution
		SolutionGuid = {E52AFDE6-E0B0-46E0-A71F-BCFB4A889B2C}
	EndGlobalSection
EndGlobal
